/private/groups/russelllab/jodie/merrill_23_wRi_genome/polished/20250828_Nanopore_wRi_M23.assembly.fasta
/private/groups/russelllab/jodie/merrill_23_wRi_genome/flye/20250828_Nanopore/wRi/assembly.fasta
/private/groups/russelllab/jodie/merrill_23_wRi_genome/short_reads/20250828_Nanopore.wri.trimmed.filtered.fastq.gz
/private/groups/russelllab/jodie/Jacobs_et_al_2026_de_novo_wRi_merrill_23_assembly/data/basecalled/20250828_Nanopore.wRiM23.fastq.gz
/private/groups/russelllab/jodie/Jacobs_et_al_2026_de_novo_wRi_merrill_23_assembly/data/aligned/20250828_Nanopore.wRiM23.bam
/private/groups/russelllab/jodie/Jacobs_et_al_2026_de_novo_wRi_merrill_23_assembly/data/aligned/aligned_basecalled.sorted.bam
/private/groups/russelllab/jodie/Jacobs_et_al_2026_de_novo_wRi_merrill_23_assembly/data/aligned/aligned_basecalled.bam
/private/groups/russelllab/jodie/Jacobs_et_al_2026_de_novo_wRi_merrill_23_assembly/data/pod5
/private/groups/russelllab/jodie/Jacobs_et_al_2026_de_novo_wRi_merrill_23_assembly/data/short_reads/wRi_R1.fastq.gz
/private/groups/russelllab/jodie/Jacobs_et_al_2026_de_novo_wRi_merrill_23_assembly/data/short_reads/wRi_R2.fastq.gz
