/private/groups/russelllab/jodie/merrill_23_wRi_genome/polished/longest_contigs_bridge/wRi/polished.fasta
/private/groups/russelllab/jodie/merrill_23_wRi_genome/polished/20250205_DL_wRi_Mer23_wtdbg2_assembly2.fa/wRi/polished.fasta
/private/groups/russelllab/jodie/merrill_23_wRi_genome/polished/20250310_JD_wRi_Mer23_Flye_Assembly2_filtered.fasta/wRi/polished.fasta
/private/groups/russelllab/jodie/merrill_23_wRi_genome/polished/20250205_DL_wRi_Mer23_wtdbg2_assembly1_filtered.fa/wRi/polished.fasta
/private/groups/russelllab/jodie/merrill_23_wRi_genome/polished/20250314_EG_wRi_Mer23_Canu_assemblyunassembled2.fasta/wRi/polished.fasta
/private/groups/russelllab/jodie/merrill_23_wRi_genome/polished/20250310_JD_wRi_Mer23_Flye_Assembly2.fasta/wRi/polished.fasta
/private/groups/russelllab/jodie/merrill_23_wRi_genome/polished/20250314_EG_wRi_Mer23_Canu_assemblycontig.fasta/wRi/polished.fasta
/private/groups/russelllab/jodie/merrill_23_wRi_genome/merged_assembly/wRi/merged.fasta
/private/groups/russelllab/jodie/merrill_23_wRi_genome/polished/20250305_EG_wRI_Mer23_Flye_Assembly2_filtered.fasta/wRi/polished.fasta
/private/groups/russelllab/jodie/merrill_23_wRi_genome/polished/20250205_DL_wRi_Mer23_wtdbg2_assembly2_filtered.fa/wRi/polished.fasta
/private/groups/russelllab/jodie/merrill_23_wRi_genome/polished/20250305_EG_wRI_Mer23_Flye_Assembly2.fasta/wRi/polished.fasta
/private/groups/russelllab/jodie/merrill_23_wRi_genome/polished/20250314_EG_wRi_Mer23_Canu_assemblyunassembled.fasta/wRi/polished.fasta
/private/groups/russelllab/jodie/merrill_23_wRi_genome/merged_polished/wRi/merged_pilon.fasta
/private/groups/russelllab/jodie/merrill_23_wRi_genome/polished/20250314_EG_wRi_Mer23_Canu_assemblycontig2_filtered.fasta/wRi/polished.fasta
/private/groups/russelllab/jodie/merrill_23_wRi_genome/polished/20250205_DL_wRi_Mer23_wtdbg2_assembly1.fa/wRi/polished.fasta
/private/groups/russelllab/jodie/merrill_23_wRi_genome/assembly_final/merged/wRi_final_merged_polished_circular.fasta
/private/groups/russelllab/jodie/merrill_23_wRi_genome/assembly_final/merged/assembly_stats.txt
/private/groups/russelllab/jodie/merrill_23_wRi_genome/polished/20250314_EG_wRi_Mer23_Canu_assemblycontig2.fasta/wRi/polished.fasta
